
Microsoft Visual Studio Solution File, Format Version 12.00
# Visual Studio Version 16
VisualStudioVersion = 16.0.29728.190
MinimumVisualStudioVersion = 10.0.40219.1
Project("{9A19103F-16F7-4668-BE54-9A1E7A4F7556}") = "WirexApp.Domain", "..\WirexApp.Domain\WirexApp.Domain.csproj", "{3EDEE979-AF3E-4E95-8F1A-B3277186CDEB}"
EndProject
Project("{9A19103F-16F7-4668-BE54-9A1E7A4F7556}") = "WirexApp.Application", "..\WirexApp.Application\WirexApp.Application.csproj", "{E09C21AA-EB39-40D9-8622-7DE2EC088698}"
EndProject
Project("{9A19103F-16F7-4668-BE54-9A1E7A4F7556}") = "WirexApp.API", "..\WirexApp.API\WirexApp.API.csproj", "{8F929BAA-02B4-40EF-96D0-EF688B526DEE}"
EndProject
Project("{2150E333-8FDC-42A3-9474-1A3956D46DE8}") = "tests", "tests", "{95D975C4-854A-48C1-9CFE-672C374E299D}"
EndProject
Project("{9A19103F-16F7-4668-BE54-9A1E7A4F7556}") = "WirexApp.Infrastructure", "..\WirexApp.Infrastructure\WirexApp.Infrastructure.csproj", "{323B4D44-7A1E-4EDD-BABB-1DC7B02BD981}"
EndProject
Project("{9A19103F-16F7-4668-BE54-9A1E7A4F7556}") = "WirexApp.Tests.Unit", "..\WirexApp.Tests.Unit\WirexApp.Tests.Unit.csproj", "{85AFBA53-D441-47E9-B090-E6C39C6D883A}"
EndProject
Project("{9A19103F-16F7-4668-BE54-9A1E7A4F7556}") = "WirexApp.Tests.Integration", "..\WirexApp.Tests.Integration\WirexApp.Tests.Integration.csproj", "{A1B2C3D4-E5F6-47A8-B9C0-D1E2F3A4B5C6}"
EndProject
Project("{9A19103F-16F7-4668-BE54-9A1E7A4F7556}") = "WirexApp.WriteService", "..\WirexApp.WriteService\WirexApp.WriteService.csproj", "{B2C3D4E5-F6A7-48B9-C0D1-E2F3A4B5C6D7}"
EndProject
Project("{9A19103F-16F7-4668-BE54-9A1E7A4F7556}") = "WirexApp.ReadService", "..\WirexApp.ReadService\WirexApp.ReadService.csproj", "{C3D4E5F6-A7B8-49C0-D1E2-F3A4B5C6D7E8}"
EndProject
Project("{9A19103F-16F7-4668-BE54-9A1E7A4F7556}") = "WirexApp.Gateway", "..\WirexApp.Gateway\WirexApp.Gateway.csproj", "{D4E5F6A7-B8C9-40D1-E2F3-A4B5C6D7E8F9}"
EndProject
Global
	GlobalSection(SolutionConfigurationPlatforms) = preSolution
		Debug|Any CPU = Debug|Any CPU
		Release|Any CPU = Release|Any CPU
	EndGlobalSection
	GlobalSection(ProjectConfigurationPlatforms) = postSolution
		{3EDEE979-AF3E-4E95-8F1A-B3277186CDEB}.Debug|Any CPU.ActiveCfg = Debug|Any CPU
		{3EDEE979-AF3E-4E95-8F1A-B3277186CDEB}.Debug|Any CPU.Build.0 = Debug|Any CPU
		{3EDEE979-AF3E-4E95-8F1A-B3277186CDEB}.Release|Any CPU.ActiveCfg = Release|Any CPU
		{3EDEE979-AF3E-4E95-8F1A-B3277186CDEB}.Release|Any CPU.Build.0 = Release|Any CPU
		{E09C21AA-EB39-40D9-8622-7DE2EC088698}.Debug|Any CPU.ActiveCfg = Debug|Any CPU
		{E09C21AA-EB39-40D9-8622-7DE2EC088698}.Debug|Any CPU.Build.0 = Debug|Any CPU
		{E09C21AA-EB39-40D9-8622-7DE2EC088698}.Release|Any CPU.ActiveCfg = Release|Any CPU
		{E09C21AA-EB39-40D9-8622-7DE2EC088698}.Release|Any CPU.Build.0 = Release|Any CPU
		{8F929BAA-02B4-40EF-96D0-EF688B526DEE}.Debug|Any CPU.ActiveCfg = Debug|Any CPU
		{8F929BAA-02B4-40EF-96D0-EF688B526DEE}.Debug|Any CPU.Build.0 = Debug|Any CPU
		{8F929BAA-02B4-40EF-96D0-EF688B526DEE}.Release|Any CPU.ActiveCfg = Release|Any CPU
		{8F929BAA-02B4-40EF-96D0-EF688B526DEE}.Release|Any CPU.Build.0 = Release|Any CPU
		{323B4D44-7A1E-4EDD-BABB-1DC7B02BD981}.Debug|Any CPU.ActiveCfg = Debug|Any CPU
		{323B4D44-7A1E-4EDD-BABB-1DC7B02BD981}.Debug|Any CPU.Build.0 = Debug|Any CPU
		{323B4D44-7A1E-4EDD-BABB-1DC7B02BD981}.Release|Any CPU.ActiveCfg = Release|Any CPU
		{323B4D44-7A1E-4EDD-BABB-1DC7B02BD981}.Release|Any CPU.Build.0 = Release|Any CPU
		{85AFBA53-D441-47E9-B090-E6C39C6D883A}.Debug|Any CPU.ActiveCfg = Debug|Any CPU
		{85AFBA53-D441-47E9-B090-E6C39C6D883A}.Debug|Any CPU.Build.0 = Debug|Any CPU
		{85AFBA53-D441-47E9-B090-E6C39C6D883A}.Release|Any CPU.ActiveCfg = Release|Any CPU
		{85AFBA53-D441-47E9-B090-E6C39C6D883A}.Release|Any CPU.Build.0 = Release|Any CPU
		{A1B2C3D4-E5F6-47A8-B9C0-D1E2F3A4B5C6}.Debug|Any CPU.ActiveCfg = Debug|Any CPU
		{A1B2C3D4-E5F6-47A8-B9C0-D1E2F3A4B5C6}.Debug|Any CPU.Build.0 = Debug|Any CPU
		{A1B2C3D4-E5F6-47A8-B9C0-D1E2F3A4B5C6}.Release|Any CPU.ActiveCfg = Release|Any CPU
		{A1B2C3D4-E5F6-47A8-B9C0-D1E2F3A4B5C6}.Release|Any CPU.Build.0 = Release|Any CPU
		{B2C3D4E5-F6A7-48B9-C0D1-E2F3A4B5C6D7}.Debug|Any CPU.ActiveCfg = Debug|Any CPU
		{B2C3D4E5-F6A7-48B9-C0D1-E2F3A4B5C6D7}.Debug|Any CPU.Build.0 = Debug|Any CPU
		{B2C3D4E5-F6A7-48B9-C0D1-E2F3A4B5C6D7}.Release|Any CPU.ActiveCfg = Release|Any CPU
		{B2C3D4E5-F6A7-48B9-C0D1-E2F3A4B5C6D7}.Release|Any CPU.Build.0 = Release|Any CPU
		{C3D4E5F6-A7B8-49C0-D1E2-F3A4B5C6D7E8}.Debug|Any CPU.ActiveCfg = Debug|Any CPU
		{C3D4E5F6-A7B8-49C0-D1E2-F3A4B5C6D7E8}.Debug|Any CPU.Build.0 = Debug|Any CPU
		{C3D4E5F6-A7B8-49C0-D1E2-F3A4B5C6D7E8}.Release|Any CPU.ActiveCfg = Release|Any CPU
		{C3D4E5F6-A7B8-49C0-D1E2-F3A4B5C6D7E8}.Release|Any CPU.Build.0 = Release|Any CPU
		{D4E5F6A7-B8C9-40D1-E2F3-A4B5C6D7E8F9}.Debug|Any CPU.ActiveCfg = Debug|Any CPU
		{D4E5F6A7-B8C9-40D1-E2F3-A4B5C6D7E8F9}.Debug|Any CPU.Build.0 = Debug|Any CPU
		{D4E5F6A7-B8C9-40D1-E2F3-A4B5C6D7E8F9}.Release|Any CPU.ActiveCfg = Release|Any CPU
		{D4E5F6A7-B8C9-40D1-E2F3-A4B5C6D7E8F9}.Release|Any CPU.Build.0 = Release|Any CPU
	EndGlobalSection
	GlobalSection(SolutionProperties) = preSolution
		HideSolutionNode = FALSE
	EndGlobalSection
	GlobalSection(NestedProjects) = preSolution
		{85AFBA53-D441-47E9-B090-E6C39C6D883A} = {95D975C4-854A-48C1-9CFE-672C374E299D}
		{A1B2C3D4-E5F6-47A8-B9C0-D1E2F3A4B5C6} = {95D975C4-854A-48C1-9CFE-672C374E299D}
	EndGlobalSection
	GlobalSection(ExtensibilityGlobals) = postSolution
		SolutionGuid = {E56572AD-0659-4573-BBAE-8DBD42FAE2D4}
	EndGlobalSection
EndGlobal
